
Microsoft Visual Studio Solution File, Format Version 12.00
# Visual Studio Express 2013 for Windows Desktop
VisualStudioVersion = 12.0.30723.0
MinimumVisualStudioVersion = 10.0.40219.1
Project("{FAE04EC0-301F-11D3-BF4B-00C04F79EFBC}") = "WordSearchSolver", "WordSearchSolver\WordSearchSolver.csproj", "{A3AC18B9-9F8A-4D92-8E03-43A51D4E7FB9}"
EndProject
Project("{2150E333-8FDC-42A3-9474-1A3956D46DE8}") = "WordFiles", "WordFiles", "{21643ECD-2AF6-4706-924F-7B04BF4D4CF6}"
	ProjectSection(SolutionItems) = preProject
		WordFiles\Output.txt = WordFiles\Output.txt
		WordFiles\WordList.txt = WordFiles\WordList.txt
		WordFiles\WordSearch.txt = WordFiles\WordSearch.txt
	EndProjectSection
EndProject
Project("{2150E333-8FDC-42A3-9474-1A3956D46DE8}") = "App_Info", "App_Info", "{FC4E1D12-9819-4B83-8E1C-A8AEAFB67FBE}"
	ProjectSection(SolutionItems) = preProject
		README.md = README.md
	EndProjectSection
EndProject
Global
	GlobalSection(SolutionConfigurationPlatforms) = preSolution
		Debug|Any CPU = Debug|Any CPU
		Release|Any CPU = Release|Any CPU
	EndGlobalSection
	GlobalSection(ProjectConfigurationPlatforms) = postSolution
		{A3AC18B9-9F8A-4D92-8E03-43A51D4E7FB9}.Debug|Any CPU.ActiveCfg = Debug|Any CPU
		{A3AC18B9-9F8A-4D92-8E03-43A51D4E7FB9}.Debug|Any CPU.Build.0 = Debug|Any CPU
		{A3AC18B9-9F8A-4D92-8E03-43A51D4E7FB9}.Release|Any CPU.ActiveCfg = Release|Any CPU
		{A3AC18B9-9F8A-4D92-8E03-43A51D4E7FB9}.Release|Any CPU.Build.0 = Release|Any CPU
	EndGlobalSection
	GlobalSection(SolutionProperties) = preSolution
		HideSolutionNode = FALSE
	EndGlobalSection
EndGlobal
